{
  "originHash" : "e043e35d89fc9c175f4169f4aa9709becdfb87b915ef76ee944456cb593c96b1",
  "pins" : [
    {
      "identity" : "hotwire-native-ios",
      "kind" : "remoteSourceControl",
      "location" : "https://github.com/hotwired/hotwire-native-ios",
      "state" : {
        "revision" : "dbc4fc0fec0d2401f0be46015793bfcb29ec07a4",
        "version" : "1.3.1"
      }
    }
  ],
  "version" : 3
}
